<Solution>
  <Folder Name="/src/">
    <Project Path="src/SmartCities.Application/SmartCities.Application.csproj" />
    <Project Path="src/SmartCities.Core/SmartCities.Core.csproj" />
    <Project Path="src/SmartCities.Infrastructure/SmartCities.Infrastructure.csproj" />
  </Folder>
  <Folder Name="/tests/">
    <Project Path="tests/SmartCities.Application.Tests/SmartCities.Application.Tests.csproj" />
    <Project Path="tests/SmartCities.Core.Tests/SmartCities.Core.Tests.csproj" />
    <Project Path="tests/SmartCities.Infrastructure.Tests/SmartCities.Infrastructure.Tests.csproj" />
  </Folder>
</Solution>
