<Solution>
  <Folder Name="/src/">
    <Project Path="src/SmartCities.Api/SmartCities.Api.csproj" />
    <Project Path="src/SmartCities.Application/SmartCities.Application.csproj" />
    <Project Path="src/SmartCities.Composition/SmartCities.Composition.csproj" />
    <Project Path="src/SmartCities.Core/SmartCities.Core.csproj" />
    <Project Path="src/SmartCities.Infrastructure/SmartCities.Infrastructure.csproj" />
    <Project Path="src/SmartCities.Infrastructure.PostgreSql/SmartCities.Infrastructure.PostgreSql.csproj" />
    <Project Path="src/SmartCities.Infrastructure.SqlServer/SmartCities.Infrastructure.SqlServer.csproj" />
    <Project Path="src/SmartCities.Identity/SmartCities.Identity.csproj" />
  </Folder>
  <Folder Name="/tests/">
    <Project Path="tests/SmartCities.Api.Tests/SmartCities.Api.Tests.csproj" />
    <Project Path="tests/SmartCities.Application.Tests/SmartCities.Application.Tests.csproj" />
    <Project Path="tests/SmartCities.Configuration.Sqlite.Tests/SmartCities.Configuration.Sqlite.Tests.csproj" />
    <Project Path="tests/SmartCities.Composition.Tests/SmartCities.Composition.Tests.csproj" />
    <Project Path="tests/SmartCities.Core.Tests/SmartCities.Core.Tests.csproj" />
    <Project Path="tests/SmartCities.Infrastructure.Tests/SmartCities.Infrastructure.Tests.csproj" />
    <Project Path="tests/SmartCities.Infrastructure.PostgreSql.Tests/SmartCities.Infrastructure.PostgreSql.Tests.csproj" />
    <Project Path="tests/SmartCities.Infrastructure.SqlServer.Tests/SmartCities.Infrastructure.SqlServer.Tests.csproj" />
    <Project Path="tests/SmartCities.Identity.Tests/SmartCities.Identity.Tests.csproj" />
  </Folder>
</Solution>
